
Microsoft Visual Studio Solution File, Format Version 12.00
# Visual Studio Version 17
VisualStudioVersion = 17.3.32804.467
MinimumVisualStudioVersion = 10.0.40219.1
Project("{FAE04EC0-301F-11D3-BF4B-00C04F79EFBC}") = "TerminalClicker", "TerminalClicker\TerminalClicker.csproj", "{DE22BE86-5FA6-40B0-9EF4-9DD83540F9A6}"
EndProject
Global
	GlobalSection(SolutionConfigurationPlatforms) = preSolution
		Debug|Any CPU = Debug|Any CPU
		Release|Any CPU = Release|Any CPU
	EndGlobalSection
	GlobalSection(ProjectConfigurationPlatforms) = postSolution
		{DE22BE86-5FA6-40B0-9EF4-9DD83540F9A6}.Debug|Any CPU.ActiveCfg = Debug|Any CPU
		{DE22BE86-5FA6-40B0-9EF4-9DD83540F9A6}.Debug|Any CPU.Build.0 = Debug|Any CPU
		{DE22BE86-5FA6-40B0-9EF4-9DD83540F9A6}.Release|Any CPU.ActiveCfg = Release|Any CPU
		{DE22BE86-5FA6-40B0-9EF4-9DD83540F9A6}.Release|Any CPU.Build.0 = Release|Any CPU
	EndGlobalSection
	GlobalSection(SolutionProperties) = preSolution
		HideSolutionNode = FALSE
	EndGlobalSection
	GlobalSection(ExtensibilityGlobals) = postSolution
		SolutionGuid = {49488854-5D28-45D7-BB4C-D4129D4A433B}
	EndGlobalSection
EndGlobal
